
Microsoft Visual Studio Solution File, Format Version 12.00
# Visual Studio Version 17
VisualStudioVersion = 17.7.34003.232
MinimumVisualStudioVersion = 10.0.40219.1
Project("{9A19103F-16F7-4668-BE54-9A1E7A4F7556}") = "ConsoleTest", "ConsoleTest\ConsoleTest.csproj", "{68848CF0-B99F-493E-B917-C06D07894631}"
EndProject
Project("{FAE04EC0-301F-11D3-BF4B-00C04F79EFBC}") = "SeedData", "SeedData\SeedData.csproj", "{50E604FA-8000-43D5-8185-28BD2385F162}"
EndProject
Global
	GlobalSection(SolutionConfigurationPlatforms) = preSolution
		Debug|Any CPU = Debug|Any CPU
		Release|Any CPU = Release|Any CPU
	EndGlobalSection
	GlobalSection(ProjectConfigurationPlatforms) = postSolution
		{68848CF0-B99F-493E-B917-C06D07894631}.Debug|Any CPU.ActiveCfg = Debug|Any CPU
		{68848CF0-B99F-493E-B917-C06D07894631}.Debug|Any CPU.Build.0 = Debug|Any CPU
		{68848CF0-B99F-493E-B917-C06D07894631}.Release|Any CPU.ActiveCfg = Release|Any CPU
		{68848CF0-B99F-493E-B917-C06D07894631}.Release|Any CPU.Build.0 = Release|Any CPU
		{50E604FA-8000-43D5-8185-28BD2385F162}.Debug|Any CPU.ActiveCfg = Debug|Any CPU
		{50E604FA-8000-43D5-8185-28BD2385F162}.Debug|Any CPU.Build.0 = Debug|Any CPU
		{50E604FA-8000-43D5-8185-28BD2385F162}.Release|Any CPU.ActiveCfg = Release|Any CPU
		{50E604FA-8000-43D5-8185-28BD2385F162}.Release|Any CPU.Build.0 = Release|Any CPU
	EndGlobalSection
	GlobalSection(SolutionProperties) = preSolution
		HideSolutionNode = FALSE
	EndGlobalSection
	GlobalSection(ExtensibilityGlobals) = postSolution
		SolutionGuid = {707DD09A-182F-4194-8EBB-86E5016D80B5}
	EndGlobalSection
EndGlobal
